// !$*UTF8*$!
{
	archiveVersion = 1;
	classes = {
	};
	objectVersion = 56;
	objects = {

/* Begin PBXBuildFile section */
		F1240A442AEA1E9600FE3C3E /* AppDelegate.swift in Sources */ = {isa = PBXBuildFile; fileRef = F1240A432AEA1E9600FE3C3E /* AppDelegate.swift */; };
		F1240A462AEA1E9600FE3C3E /* SceneDelegate.swift in Sources */ = {isa = PBXBuildFile; fileRef = F1240A452AEA1E9600FE3C3E /* SceneDelegate.swift */; };
		F1240A482AEA1E9600FE3C3E /* SplashViewController.swift in Sources */ = {isa = PBXBuildFile; fileRef = F1240A472AEA1E9600FE3C3E /* SplashViewController.swift */; };
		F1240A4D2AEA1E9800FE3C3E /* Assets.xcassets in Resources */ = {isa = PBXBuildFile; fileRef = F1240A4C2AEA1E9800FE3C3E /* Assets.xcassets */; };
		F1240A502AEA1E9800FE3C3E /* LaunchScreen.storyboard in Resources */ = {isa = PBXBuildFile; fileRef = F1240A4E2AEA1E9800FE3C3E /* LaunchScreen.storyboard */; };
		F1240A5E2AEA216100FE3C3E /* Colors.xcassets in Resources */ = {isa = PBXBuildFile; fileRef = F1240A5D2AEA216100FE3C3E /* Colors.xcassets */; };
		F1240A622AEA21BC00FE3C3E /* AppColor.swift in Sources */ = {isa = PBXBuildFile; fileRef = F1240A612AEA21BC00FE3C3E /* AppColor.swift */; };
		F1240A642AEA21CF00FE3C3E /* AppImage.swift in Sources */ = {isa = PBXBuildFile; fileRef = F1240A632AEA21CF00FE3C3E /* AppImage.swift */; };
		F1240A672AEA222900FE3C3E /* chowfun.ttf in Resources */ = {isa = PBXBuildFile; fileRef = F1240A662AEA222900FE3C3E /* chowfun.ttf */; };
		F1240A6A2AEA22AE00FE3C3E /* SnapKit in Frameworks */ = {isa = PBXBuildFile; productRef = F1240A692AEA22AE00FE3C3E /* SnapKit */; };
		F1240A6C2AEA22AE00FE3C3E /* SnapKit-Dynamic in Frameworks */ = {isa = PBXBuildFile; productRef = F1240A6B2AEA22AE00FE3C3E /* SnapKit-Dynamic */; };
		F1240A6F2AEA265B00FE3C3E /* FirebaseAnalytics in Frameworks */ = {isa = PBXBuildFile; productRef = F1240A6E2AEA265B00FE3C3E /* FirebaseAnalytics */; };
		F1240A712AEA265B00FE3C3E /* FirebaseAnalyticsOnDeviceConversion in Frameworks */ = {isa = PBXBuildFile; productRef = F1240A702AEA265B00FE3C3E /* FirebaseAnalyticsOnDeviceConversion */; };
		F1240A732AEA265B00FE3C3E /* FirebaseAnalyticsSwift in Frameworks */ = {isa = PBXBuildFile; productRef = F1240A722AEA265B00FE3C3E /* FirebaseAnalyticsSwift */; };
		F1240A752AEA265B00FE3C3E /* FirebaseAnalyticsWithoutAdIdSupport in Frameworks */ = {isa = PBXBuildFile; productRef = F1240A742AEA265B00FE3C3E /* FirebaseAnalyticsWithoutAdIdSupport */; };
		F1240A782AEA269900FE3C3E /* LoadingViewController.swift in Sources */ = {isa = PBXBuildFile; fileRef = F1240A772AEA269900FE3C3E /* LoadingViewController.swift */; };
		F1240A7A2AEA26C600FE3C3E /* GoogleService-Info.plist in Resources */ = {isa = PBXBuildFile; fileRef = F1240A792AEA26C600FE3C3E /* GoogleService-Info.plist */; };
		F1240A7C2AEA26D900FE3C3E /* AppStorage.swift in Sources */ = {isa = PBXBuildFile; fileRef = F1240A7B2AEA26D900FE3C3E /* AppStorage.swift */; };
		F1240A7E2AEA26E500FE3C3E /* ExternalService.swift in Sources */ = {isa = PBXBuildFile; fileRef = F1240A7D2AEA26E500FE3C3E /* ExternalService.swift */; };
		F1240A802AEA272F00FE3C3E /* FirebaseAnalytics in Frameworks */ = {isa = PBXBuildFile; productRef = F1240A7F2AEA272F00FE3C3E /* FirebaseAnalytics */; };
		F1240A822AEA272F00FE3C3E /* FirebaseAnalyticsOnDeviceConversion in Frameworks */ = {isa = PBXBuildFile; productRef = F1240A812AEA272F00FE3C3E /* FirebaseAnalyticsOnDeviceConversion */; };
		F1240A842AEA272F00FE3C3E /* FirebaseAnalyticsSwift in Frameworks */ = {isa = PBXBuildFile; productRef = F1240A832AEA272F00FE3C3E /* FirebaseAnalyticsSwift */; };
		F1240A862AEA272F00FE3C3E /* FirebaseAnalyticsWithoutAdIdSupport in Frameworks */ = {isa = PBXBuildFile; productRef = F1240A852AEA272F00FE3C3E /* FirebaseAnalyticsWithoutAdIdSupport */; };
		F1240A882AEA272F00FE3C3E /* FirebaseAppCheck in Frameworks */ = {isa = PBXBuildFile; productRef = F1240A872AEA272F00FE3C3E /* FirebaseAppCheck */; };
		F1240A8A2AEA3C0100FE3C3E /* FirebaseAnalytics in Frameworks */ = {isa = PBXBuildFile; productRef = F1240A892AEA3C0100FE3C3E /* FirebaseAnalytics */; };
		F1240A8C2AEA3C0100FE3C3E /* FirebaseAnalyticsOnDeviceConversion in Frameworks */ = {isa = PBXBuildFile; productRef = F1240A8B2AEA3C0100FE3C3E /* FirebaseAnalyticsOnDeviceConversion */; };
		F1240A8E2AEA3C0100FE3C3E /* FirebaseAnalyticsSwift in Frameworks */ = {isa = PBXBuildFile; productRef = F1240A8D2AEA3C0100FE3C3E /* FirebaseAnalyticsSwift */; };
		F1240A902AEA3C0100FE3C3E /* FirebaseAnalyticsWithoutAdIdSupport in Frameworks */ = {isa = PBXBuildFile; productRef = F1240A8F2AEA3C0100FE3C3E /* FirebaseAnalyticsWithoutAdIdSupport */; };
		F1240A922AEA3C0100FE3C3E /* FirebaseAppCheck in Frameworks */ = {isa = PBXBuildFile; productRef = F1240A912AEA3C0100FE3C3E /* FirebaseAppCheck */; };
		F1240A942AEA3C0100FE3C3E /* FirebaseAppDistribution-Beta in Frameworks */ = {isa = PBXBuildFile; productRef = F1240A932AEA3C0100FE3C3E /* FirebaseAppDistribution-Beta */; };
		F1240A962AEA3C0100FE3C3E /* FirebaseAuth in Frameworks */ = {isa = PBXBuildFile; productRef = F1240A952AEA3C0100FE3C3E /* FirebaseAuth */; };
		F1240A982AEA3C0100FE3C3E /* FirebaseAuthCombine-Community in Frameworks */ = {isa = PBXBuildFile; productRef = F1240A972AEA3C0100FE3C3E /* FirebaseAuthCombine-Community */; };
		F1240A9A2AEA3C0100FE3C3E /* FirebaseCrashlytics in Frameworks */ = {isa = PBXBuildFile; productRef = F1240A992AEA3C0100FE3C3E /* FirebaseCrashlytics */; };
		F1240A9C2AEA3C0100FE3C3E /* FirebaseDatabase in Frameworks */ = {isa = PBXBuildFile; productRef = F1240A9B2AEA3C0100FE3C3E /* FirebaseDatabase */; };
		F1240A9E2AEA3C0100FE3C3E /* FirebaseDatabaseSwift in Frameworks */ = {isa = PBXBuildFile; productRef = F1240A9D2AEA3C0100FE3C3E /* FirebaseDatabaseSwift */; };
		F1240AA02AEA3C0100FE3C3E /* FirebaseDynamicLinks in Frameworks */ = {isa = PBXBuildFile; productRef = F1240A9F2AEA3C0100FE3C3E /* FirebaseDynamicLinks */; };
		F1240AA22AEA3C0100FE3C3E /* FirebaseFirestore in Frameworks */ = {isa = PBXBuildFile; productRef = F1240AA12AEA3C0100FE3C3E /* FirebaseFirestore */; };
		F1240AA42AEA3C0100FE3C3E /* FirebaseFirestoreCombine-Community in Frameworks */ = {isa = PBXBuildFile; productRef = F1240AA32AEA3C0100FE3C3E /* FirebaseFirestoreCombine-Community */; };
		F1240AA62AEA3C0100FE3C3E /* FirebaseFirestoreSwift in Frameworks */ = {isa = PBXBuildFile; productRef = F1240AA52AEA3C0100FE3C3E /* FirebaseFirestoreSwift */; };
		F1240AA82AEA3C0100FE3C3E /* FirebaseFunctions in Frameworks */ = {isa = PBXBuildFile; productRef = F1240AA72AEA3C0100FE3C3E /* FirebaseFunctions */; };
		F1240AAA2AEA3C0100FE3C3E /* FirebaseFunctionsCombine-Community in Frameworks */ = {isa = PBXBuildFile; productRef = F1240AA92AEA3C0100FE3C3E /* FirebaseFunctionsCombine-Community */; };
		F1240AAC2AEA3C0100FE3C3E /* FirebaseInAppMessaging-Beta in Frameworks */ = {isa = PBXBuildFile; productRef = F1240AAB2AEA3C0100FE3C3E /* FirebaseInAppMessaging-Beta */; };
		F1240AAE2AEA3C0100FE3C3E /* FirebaseInAppMessagingSwift-Beta in Frameworks */ = {isa = PBXBuildFile; productRef = F1240AAD2AEA3C0100FE3C3E /* FirebaseInAppMessagingSwift-Beta */; };
		F1240AB02AEA3C0100FE3C3E /* FirebaseInstallations in Frameworks */ = {isa = PBXBuildFile; productRef = F1240AAF2AEA3C0100FE3C3E /* FirebaseInstallations */; };
		F1240AB22AEA3C0100FE3C3E /* FirebaseMLModelDownloader in Frameworks */ = {isa = PBXBuildFile; productRef = F1240AB12AEA3C0100FE3C3E /* FirebaseMLModelDownloader */; };
		F1240AB42AEA3C0100FE3C3E /* FirebaseMessaging in Frameworks */ = {isa = PBXBuildFile; productRef = F1240AB32AEA3C0100FE3C3E /* FirebaseMessaging */; };
		F1240AB62AEA3C0100FE3C3E /* FirebasePerformance in Frameworks */ = {isa = PBXBuildFile; productRef = F1240AB52AEA3C0100FE3C3E /* FirebasePerformance */; };
		F1240AB82AEA3C0100FE3C3E /* FirebaseRemoteConfig in Frameworks */ = {isa = PBXBuildFile; productRef = F1240AB72AEA3C0100FE3C3E /* FirebaseRemoteConfig */; };
		F1240ABA2AEA3C0100FE3C3E /* FirebaseRemoteConfigSwift in Frameworks */ = {isa = PBXBuildFile; productRef = F1240AB92AEA3C0100FE3C3E /* FirebaseRemoteConfigSwift */; };
		F1240ABC2AEA3C0100FE3C3E /* FirebaseStorage in Frameworks */ = {isa = PBXBuildFile; productRef = F1240ABB2AEA3C0100FE3C3E /* FirebaseStorage */; };
		F1240ABE2AEA3C0100FE3C3E /* FirebaseStorageCombine-Community in Frameworks */ = {isa = PBXBuildFile; productRef = F1240ABD2AEA3C0100FE3C3E /* FirebaseStorageCombine-Community */; };
		F1240AC12AEA4AB100FE3C3E /* MainViewController.swift in Sources */ = {isa = PBXBuildFile; fileRef = F1240AC02AEA4AB100FE3C3E /* MainViewController.swift */; };
		F1240AC42AEA4E7000FE3C3E /* RulesViewController.swift in Sources */ = {isa = PBXBuildFile; fileRef = F1240AC32AEA4E7000FE3C3E /* RulesViewController.swift */; };
		F1240AC72AEA50E100FE3C3E /* ShopViewController.swift in Sources */ = {isa = PBXBuildFile; fileRef = F1240AC62AEA50E100FE3C3E /* ShopViewController.swift */; };
		F1240ACA2AEA61D700FE3C3E /* ProgressViewController.swift in Sources */ = {isa = PBXBuildFile; fileRef = F1240AC92AEA61D700FE3C3E /* ProgressViewController.swift */; };
		F1240ACD2AEA8BB600FE3C3E /* WinViewController.swift in Sources */ = {isa = PBXBuildFile; fileRef = F1240ACC2AEA8BB600FE3C3E /* WinViewController.swift */; };
		F1240AD02AEA8BFC00FE3C3E /* RewardsViewController.swift in Sources */ = {isa = PBXBuildFile; fileRef = F1240ACF2AEA8BFC00FE3C3E /* RewardsViewController.swift */; };
		F1240AD32AEA8E2E00FE3C3E /* WheelViewController.swift in Sources */ = {isa = PBXBuildFile; fileRef = F1240AD22AEA8E2E00FE3C3E /* WheelViewController.swift */; };
		F1240AD62AEA907F00FE3C3E /* LevelsViewController.swift in Sources */ = {isa = PBXBuildFile; fileRef = F1240AD52AEA907F00FE3C3E /* LevelsViewController.swift */; };
		F1240AD82AEA909100FE3C3E /* LevelsCollectionViewCell.swift in Sources */ = {isa = PBXBuildFile; fileRef = F1240AD72AEA909100FE3C3E /* LevelsCollectionViewCell.swift */; };
		F1240ADA2AEA909F00FE3C3E /* SectionType.swift in Sources */ = {isa = PBXBuildFile; fileRef = F1240AD92AEA909F00FE3C3E /* SectionType.swift */; };
		F1240ADD2AEA939400FE3C3E /* GameViewController.swift in Sources */ = {isa = PBXBuildFile; fileRef = F1240ADC2AEA939400FE3C3E /* GameViewController.swift */; };
/* End PBXBuildFile section */

/* Begin PBXFileReference section */
		F1240A402AEA1E9600FE3C3E /* Tigers Memory.app */ = {isa = PBXFileReference; explicitFileType = wrapper.application; includeInIndex = 0; path = "Tigers Memory.app"; sourceTree = BUILT_PRODUCTS_DIR; };
		F1240A432AEA1E9600FE3C3E /* AppDelegate.swift */ = {isa = PBXFileReference; lastKnownFileType = sourcecode.swift; path = AppDelegate.swift; sourceTree = "<group>"; };
		F1240A452AEA1E9600FE3C3E /* SceneDelegate.swift */ = {isa = PBXFileReference; lastKnownFileType = sourcecode.swift; path = SceneDelegate.swift; sourceTree = "<group>"; };
		F1240A472AEA1E9600FE3C3E /* SplashViewController.swift */ = {isa = PBXFileReference; lastKnownFileType = sourcecode.swift; path = SplashViewController.swift; sourceTree = "<group>"; };
		F1240A4C2AEA1E9800FE3C3E /* Assets.xcassets */ = {isa = PBXFileReference; lastKnownFileType = folder.assetcatalog; path = Assets.xcassets; sourceTree = "<group>"; };
		F1240A4F2AEA1E9800FE3C3E /* Base */ = {isa = PBXFileReference; lastKnownFileType = file.storyboard; name = Base; path = Base.lproj/LaunchScreen.storyboard; sourceTree = "<group>"; };
		F1240A512AEA1E9800FE3C3E /* Info.plist */ = {isa = PBXFileReference; lastKnownFileType = text.plist.xml; path = Info.plist; sourceTree = "<group>"; };
		F1240A5D2AEA216100FE3C3E /* Colors.xcassets */ = {isa = PBXFileReference; lastKnownFileType = folder.assetcatalog; path = Colors.xcassets; sourceTree = "<group>"; };
		F1240A612AEA21BC00FE3C3E /* AppColor.swift */ = {isa = PBXFileReference; lastKnownFileType = sourcecode.swift; path = AppColor.swift; sourceTree = "<group>"; };
		F1240A632AEA21CF00FE3C3E /* AppImage.swift */ = {isa = PBXFileReference; lastKnownFileType = sourcecode.swift; path = AppImage.swift; sourceTree = "<group>"; };
		F1240A662AEA222900FE3C3E /* chowfun.ttf */ = {isa = PBXFileReference; lastKnownFileType = file; path = chowfun.ttf; sourceTree = "<group>"; };
		F1240A772AEA269900FE3C3E /* LoadingViewController.swift */ = {isa = PBXFileReference; lastKnownFileType = sourcecode.swift; path = LoadingViewController.swift; sourceTree = "<group>"; };
		F1240A792AEA26C600FE3C3E /* GoogleService-Info.plist */ = {isa = PBXFileReference; fileEncoding = 4; lastKnownFileType = text.plist.xml; path = "GoogleService-Info.plist"; sourceTree = "<group>"; };
		F1240A7B2AEA26D900FE3C3E /* AppStorage.swift */ = {isa = PBXFileReference; lastKnownFileType = sourcecode.swift; path = AppStorage.swift; sourceTree = "<group>"; };
		F1240A7D2AEA26E500FE3C3E /* ExternalService.swift */ = {isa = PBXFileReference; lastKnownFileType = sourcecode.swift; path = ExternalService.swift; sourceTree = "<group>"; };
		F1240AC02AEA4AB100FE3C3E /* MainViewController.swift */ = {isa = PBXFileReference; lastKnownFileType = sourcecode.swift; path = MainViewController.swift; sourceTree = "<group>"; };
		F1240AC32AEA4E7000FE3C3E /* RulesViewController.swift */ = {isa = PBXFileReference; lastKnownFileType = sourcecode.swift; path = RulesViewController.swift; sourceTree = "<group>"; };
		F1240AC62AEA50E100FE3C3E /* ShopViewController.swift */ = {isa = PBXFileReference; lastKnownFileType = sourcecode.swift; path = ShopViewController.swift; sourceTree = "<group>"; };
		F1240AC92AEA61D700FE3C3E /* ProgressViewController.swift */ = {isa = PBXFileReference; lastKnownFileType = sourcecode.swift; path = ProgressViewController.swift; sourceTree = "<group>"; };
		F1240ACC2AEA8BB600FE3C3E /* WinViewController.swift */ = {isa = PBXFileReference; lastKnownFileType = sourcecode.swift; path = WinViewController.swift; sourceTree = "<group>"; };
		F1240ACF2AEA8BFC00FE3C3E /* RewardsViewController.swift */ = {isa = PBXFileReference; lastKnownFileType = sourcecode.swift; path = RewardsViewController.swift; sourceTree = "<group>"; };
		F1240AD22AEA8E2E00FE3C3E /* WheelViewController.swift */ = {isa = PBXFileReference; lastKnownFileType = sourcecode.swift; path = WheelViewController.swift; sourceTree = "<group>"; };
		F1240AD52AEA907F00FE3C3E /* LevelsViewController.swift */ = {isa = PBXFileReference; lastKnownFileType = sourcecode.swift; path = LevelsViewController.swift; sourceTree = "<group>"; };
		F1240AD72AEA909100FE3C3E /* LevelsCollectionViewCell.swift */ = {isa = PBXFileReference; lastKnownFileType = sourcecode.swift; path = LevelsCollectionViewCell.swift; sourceTree = "<group>"; };
		F1240AD92AEA909F00FE3C3E /* SectionType.swift */ = {isa = PBXFileReference; lastKnownFileType = sourcecode.swift; path = SectionType.swift; sourceTree = "<group>"; };
		F1240ADC2AEA939400FE3C3E /* GameViewController.swift */ = {isa = PBXFileReference; lastKnownFileType = sourcecode.swift; path = GameViewController.swift; sourceTree = "<group>"; };
/* End PBXFileReference section */

/* Begin PBXFrameworksBuildPhase section */
		F1240A3D2AEA1E9600FE3C3E /* Frameworks */ = {
			isa = PBXFrameworksBuildPhase;
			buildActionMask = 2147483647;
			files = (
				F1240A922AEA3C0100FE3C3E /* FirebaseAppCheck in Frameworks */,
				F1240A842AEA272F00FE3C3E /* FirebaseAnalyticsSwift in Frameworks */,
				F1240AB02AEA3C0100FE3C3E /* FirebaseInstallations in Frameworks */,
				F1240A902AEA3C0100FE3C3E /* FirebaseAnalyticsWithoutAdIdSupport in Frameworks */,
				F1240A862AEA272F00FE3C3E /* FirebaseAnalyticsWithoutAdIdSupport in Frameworks */,
				F1240A8A2AEA3C0100FE3C3E /* FirebaseAnalytics in Frameworks */,
				F1240ABE2AEA3C0100FE3C3E /* FirebaseStorageCombine-Community in Frameworks */,
				F1240AA22AEA3C0100FE3C3E /* FirebaseFirestore in Frameworks */,
				F1240A8C2AEA3C0100FE3C3E /* FirebaseAnalyticsOnDeviceConversion in Frameworks */,
				F1240AAA2AEA3C0100FE3C3E /* FirebaseFunctionsCombine-Community in Frameworks */,
				F1240AB42AEA3C0100FE3C3E /* FirebaseMessaging in Frameworks */,
				F1240ABC2AEA3C0100FE3C3E /* FirebaseStorage in Frameworks */,
				F1240AA62AEA3C0100FE3C3E /* FirebaseFirestoreSwift in Frameworks */,
				F1240A8E2AEA3C0100FE3C3E /* FirebaseAnalyticsSwift in Frameworks */,
				F1240AA42AEA3C0100FE3C3E /* FirebaseFirestoreCombine-Community in Frameworks */,
				F1240A802AEA272F00FE3C3E /* FirebaseAnalytics in Frameworks */,
				F1240A9E2AEA3C0100FE3C3E /* FirebaseDatabaseSwift in Frameworks */,
				F1240AA02AEA3C0100FE3C3E /* FirebaseDynamicLinks in Frameworks */,
				F1240AAC2AEA3C0100FE3C3E /* FirebaseInAppMessaging-Beta in Frameworks */,
				F1240A6A2AEA22AE00FE3C3E /* SnapKit in Frameworks */,
				F1240A752AEA265B00FE3C3E /* FirebaseAnalyticsWithoutAdIdSupport in Frameworks */,
				F1240A6C2AEA22AE00FE3C3E /* SnapKit-Dynamic in Frameworks */,
				F1240AB22AEA3C0100FE3C3E /* FirebaseMLModelDownloader in Frameworks */,
				F1240ABA2AEA3C0100FE3C3E /* FirebaseRemoteConfigSwift in Frameworks */,
				F1240A6F2AEA265B00FE3C3E /* FirebaseAnalytics in Frameworks */,
				F1240A9C2AEA3C0100FE3C3E /* FirebaseDatabase in Frameworks */,
				F1240A712AEA265B00FE3C3E /* FirebaseAnalyticsOnDeviceConversion in Frameworks */,
				F1240AB82AEA3C0100FE3C3E /* FirebaseRemoteConfig in Frameworks */,
				F1240A962AEA3C0100FE3C3E /* FirebaseAuth in Frameworks */,
				F1240AAE2AEA3C0100FE3C3E /* FirebaseInAppMessagingSwift-Beta in Frameworks */,
				F1240AB62AEA3C0100FE3C3E /* FirebasePerformance in Frameworks */,
				F1240A732AEA265B00FE3C3E /* FirebaseAnalyticsSwift in Frameworks */,
				F1240AA82AEA3C0100FE3C3E /* FirebaseFunctions in Frameworks */,
				F1240A942AEA3C0100FE3C3E /* FirebaseAppDistribution-Beta in Frameworks */,
				F1240A822AEA272F00FE3C3E /* FirebaseAnalyticsOnDeviceConversion in Frameworks */,
				F1240A9A2AEA3C0100FE3C3E /* FirebaseCrashlytics in Frameworks */,
				F1240A982AEA3C0100FE3C3E /* FirebaseAuthCombine-Community in Frameworks */,
				F1240A882AEA272F00FE3C3E /* FirebaseAppCheck in Frameworks */,
			);
			runOnlyForDeploymentPostprocessing = 0;
		};
/* End PBXFrameworksBuildPhase section */

/* Begin PBXGroup section */
		F1240A372AEA1E9600FE3C3E = {
			isa = PBXGroup;
			children = (
				F1240A422AEA1E9600FE3C3E /* Tigers Memory */,
				F1240A412AEA1E9600FE3C3E /* Products */,
			);
			sourceTree = "<group>";
		};
		F1240A412AEA1E9600FE3C3E /* Products */ = {
			isa = PBXGroup;
			children = (
				F1240A402AEA1E9600FE3C3E /* Tigers Memory.app */,
			);
			name = Products;
			sourceTree = "<group>";
		};
		F1240A422AEA1E9600FE3C3E /* Tigers Memory */ = {
			isa = PBXGroup;
			children = (
				F1240A572AEA1FFA00FE3C3E /* Application */,
				F1240A582AEA200500FE3C3E /* Controllers */,
				F1240A592AEA201100FE3C3E /* Resources */,
				F1240A5B2AEA202200FE3C3E /* Storyboards */,
				F1240A5C2AEA202B00FE3C3E /* Supporting Files */,
			);
			path = "Tigers Memory";
			sourceTree = "<group>";
		};
		F1240A572AEA1FFA00FE3C3E /* Application */ = {
			isa = PBXGroup;
			children = (
				F1240A432AEA1E9600FE3C3E /* AppDelegate.swift */,
				F1240A452AEA1E9600FE3C3E /* SceneDelegate.swift */,
			);
			path = Application;
			sourceTree = "<group>";
		};
		F1240A582AEA200500FE3C3E /* Controllers */ = {
			isa = PBXGroup;
			children = (
				F1240A762AEA267900FE3C3E /* SplashScreen */,
				F1240ABF2AEA4A9E00FE3C3E /* MainModule */,
				F1240AD42AEA906C00FE3C3E /* LevelsModule */,
				F1240ADB2AEA937E00FE3C3E /* GameModule */,
				F1240AC22AEA4E2800FE3C3E /* RulesModule */,
				F1240AC52AEA50B600FE3C3E /* ShopModule */,
				F1240AC82AEA61C000FE3C3E /* ProgressModule */,
				F1240AD12AEA8E1C00FE3C3E /* WheelModule */,
				F1240ACB2AEA8B9800FE3C3E /* WinModule */,
				F1240ACE2AEA8BE200FE3C3E /* RewardsModule */,
			);
			path = Controllers;
			sourceTree = "<group>";
		};
		F1240A592AEA201100FE3C3E /* Resources */ = {
			isa = PBXGroup;
			children = (
				F1240A602AEA217B00FE3C3E /* AppFonts  */,
				F1240A5A2AEA201A00FE3C3E /* AppAsset */,
				F1240A5F2AEA217400FE3C3E /* AppHelp */,
			);
			path = Resources;
			sourceTree = "<group>";
		};
		F1240A5A2AEA201A00FE3C3E /* AppAsset */ = {
			isa = PBXGroup;
			children = (
				F1240A4C2AEA1E9800FE3C3E /* Assets.xcassets */,
				F1240A5D2AEA216100FE3C3E /* Colors.xcassets */,
			);
			path = AppAsset;
			sourceTree = "<group>";
		};
		F1240A5B2AEA202200FE3C3E /* Storyboards */ = {
			isa = PBXGroup;
			children = (
				F1240A4E2AEA1E9800FE3C3E /* LaunchScreen.storyboard */,
			);
			path = Storyboards;
			sourceTree = "<group>";
		};
		F1240A5C2AEA202B00FE3C3E /* Supporting Files */ = {
			isa = PBXGroup;
			children = (
				F1240A792AEA26C600FE3C3E /* GoogleService-Info.plist */,
				F1240A512AEA1E9800FE3C3E /* Info.plist */,
			);
			path = "Supporting Files";
			sourceTree = "<group>";
		};
		F1240A5F2AEA217400FE3C3E /* AppHelp */ = {
			isa = PBXGroup;
			children = (
				F1240A612AEA21BC00FE3C3E /* AppColor.swift */,
				F1240A632AEA21CF00FE3C3E /* AppImage.swift */,
				F1240A7B2AEA26D900FE3C3E /* AppStorage.swift */,
				F1240A7D2AEA26E500FE3C3E /* ExternalService.swift */,
			);
			path = AppHelp;
			sourceTree = "<group>";
		};
		F1240A602AEA217B00FE3C3E /* AppFonts  */ = {
			isa = PBXGroup;
			children = (
				F1240A662AEA222900FE3C3E /* chowfun.ttf */,
			);
			path = "AppFonts ";
			sourceTree = "<group>";
		};
		F1240A762AEA267900FE3C3E /* SplashScreen */ = {
			isa = PBXGroup;
			children = (
				F1240A472AEA1E9600FE3C3E /* SplashViewController.swift */,
				F1240A772AEA269900FE3C3E /* LoadingViewController.swift */,
			);
			path = SplashScreen;
			sourceTree = "<group>";
		};
		F1240ABF2AEA4A9E00FE3C3E /* MainModule */ = {
			isa = PBXGroup;
			children = (
				F1240AC02AEA4AB100FE3C3E /* MainViewController.swift */,
			);
			path = MainModule;
			sourceTree = "<group>";
		};
		F1240AC22AEA4E2800FE3C3E /* RulesModule */ = {
			isa = PBXGroup;
			children = (
				F1240AC32AEA4E7000FE3C3E /* RulesViewController.swift */,
			);
			path = RulesModule;
			sourceTree = "<group>";
		};
		F1240AC52AEA50B600FE3C3E /* ShopModule */ = {
			isa = PBXGroup;
			children = (
				F1240AC62AEA50E100FE3C3E /* ShopViewController.swift */,
			);
			path = ShopModule;
			sourceTree = "<group>";
		};
		F1240AC82AEA61C000FE3C3E /* ProgressModule */ = {
			isa = PBXGroup;
			children = (
				F1240AC92AEA61D700FE3C3E /* ProgressViewController.swift */,
			);
			path = ProgressModule;
			sourceTree = "<group>";
		};
		F1240ACB2AEA8B9800FE3C3E /* WinModule */ = {
			isa = PBXGroup;
			children = (
				F1240ACC2AEA8BB600FE3C3E /* WinViewController.swift */,
			);
			path = WinModule;
			sourceTree = "<group>";
		};
		F1240ACE2AEA8BE200FE3C3E /* RewardsModule */ = {
			isa = PBXGroup;
			children = (
				F1240ACF2AEA8BFC00FE3C3E /* RewardsViewController.swift */,
			);
			path = RewardsModule;
			sourceTree = "<group>";
		};
		F1240AD12AEA8E1C00FE3C3E /* WheelModule */ = {
			isa = PBXGroup;
			children = (
				F1240AD22AEA8E2E00FE3C3E /* WheelViewController.swift */,
			);
			path = WheelModule;
			sourceTree = "<group>";
		};
		F1240AD42AEA906C00FE3C3E /* LevelsModule */ = {
			isa = PBXGroup;
			children = (
				F1240AD52AEA907F00FE3C3E /* LevelsViewController.swift */,
				F1240AD72AEA909100FE3C3E /* LevelsCollectionViewCell.swift */,
				F1240AD92AEA909F00FE3C3E /* SectionType.swift */,
			);
			path = LevelsModule;
			sourceTree = "<group>";
		};
		F1240ADB2AEA937E00FE3C3E /* GameModule */ = {
			isa = PBXGroup;
			children = (
				F1240ADC2AEA939400FE3C3E /* GameViewController.swift */,
			);
			path = GameModule;
			sourceTree = "<group>";
		};
/* End PBXGroup section */

/* Begin PBXNativeTarget section */
		F1240A3F2AEA1E9600FE3C3E /* Tigers Memory */ = {
			isa = PBXNativeTarget;
			buildConfigurationList = F1240A542AEA1E9800FE3C3E /* Build configuration list for PBXNativeTarget "Tigers Memory" */;
			buildPhases = (
				F1240A3C2AEA1E9600FE3C3E /* Sources */,
				F1240A3D2AEA1E9600FE3C3E /* Frameworks */,
				F1240A3E2AEA1E9600FE3C3E /* Resources */,
			);
			buildRules = (
			);
			dependencies = (
			);
			name = "Tigers Memory";
			packageProductDependencies = (
				F1240A692AEA22AE00FE3C3E /* SnapKit */,
				F1240A6B2AEA22AE00FE3C3E /* SnapKit-Dynamic */,
				F1240A6E2AEA265B00FE3C3E /* FirebaseAnalytics */,
				F1240A702AEA265B00FE3C3E /* FirebaseAnalyticsOnDeviceConversion */,
				F1240A722AEA265B00FE3C3E /* FirebaseAnalyticsSwift */,
				F1240A742AEA265B00FE3C3E /* FirebaseAnalyticsWithoutAdIdSupport */,
				F1240A7F2AEA272F00FE3C3E /* FirebaseAnalytics */,
				F1240A812AEA272F00FE3C3E /* FirebaseAnalyticsOnDeviceConversion */,
				F1240A832AEA272F00FE3C3E /* FirebaseAnalyticsSwift */,
				F1240A852AEA272F00FE3C3E /* FirebaseAnalyticsWithoutAdIdSupport */,
				F1240A872AEA272F00FE3C3E /* FirebaseAppCheck */,
				F1240A892AEA3C0100FE3C3E /* FirebaseAnalytics */,
				F1240A8B2AEA3C0100FE3C3E /* FirebaseAnalyticsOnDeviceConversion */,
				F1240A8D2AEA3C0100FE3C3E /* FirebaseAnalyticsSwift */,
				F1240A8F2AEA3C0100FE3C3E /* FirebaseAnalyticsWithoutAdIdSupport */,
				F1240A912AEA3C0100FE3C3E /* FirebaseAppCheck */,
				F1240A932AEA3C0100FE3C3E /* FirebaseAppDistribution-Beta */,
				F1240A952AEA3C0100FE3C3E /* FirebaseAuth */,
				F1240A972AEA3C0100FE3C3E /* FirebaseAuthCombine-Community */,
				F1240A992AEA3C0100FE3C3E /* FirebaseCrashlytics */,
				F1240A9B2AEA3C0100FE3C3E /* FirebaseDatabase */,
				F1240A9D2AEA3C0100FE3C3E /* FirebaseDatabaseSwift */,
				F1240A9F2AEA3C0100FE3C3E /* FirebaseDynamicLinks */,
				F1240AA12AEA3C0100FE3C3E /* FirebaseFirestore */,
				F1240AA32AEA3C0100FE3C3E /* FirebaseFirestoreCombine-Community */,
				F1240AA52AEA3C0100FE3C3E /* FirebaseFirestoreSwift */,
				F1240AA72AEA3C0100FE3C3E /* FirebaseFunctions */,
				F1240AA92AEA3C0100FE3C3E /* FirebaseFunctionsCombine-Community */,
				F1240AAB2AEA3C0100FE3C3E /* FirebaseInAppMessaging-Beta */,
				F1240AAD2AEA3C0100FE3C3E /* FirebaseInAppMessagingSwift-Beta */,
				F1240AAF2AEA3C0100FE3C3E /* FirebaseInstallations */,
				F1240AB12AEA3C0100FE3C3E /* FirebaseMLModelDownloader */,
				F1240AB32AEA3C0100FE3C3E /* FirebaseMessaging */,
				F1240AB52AEA3C0100FE3C3E /* FirebasePerformance */,
				F1240AB72AEA3C0100FE3C3E /* FirebaseRemoteConfig */,
				F1240AB92AEA3C0100FE3C3E /* FirebaseRemoteConfigSwift */,
				F1240ABB2AEA3C0100FE3C3E /* FirebaseStorage */,
				F1240ABD2AEA3C0100FE3C3E /* FirebaseStorageCombine-Community */,
			);
			productName = "Tigers Memory";
			productReference = F1240A402AEA1E9600FE3C3E /* Tigers Memory.app */;
			productType = "com.apple.product-type.application";
		};
/* End PBXNativeTarget section */

/* Begin PBXProject section */
		F1240A382AEA1E9600FE3C3E /* Project object */ = {
			isa = PBXProject;
			attributes = {
				BuildIndependentTargetsInParallel = 1;
				LastSwiftUpdateCheck = 1500;
				LastUpgradeCheck = 1500;
				TargetAttributes = {
					F1240A3F2AEA1E9600FE3C3E = {
						CreatedOnToolsVersion = 15.0;
					};
				};
			};
			buildConfigurationList = F1240A3B2AEA1E9600FE3C3E /* Build configuration list for PBXProject "Tigers Memory" */;
			compatibilityVersion = "Xcode 14.0";
			developmentRegion = en;
			hasScannedForEncodings = 0;
			knownRegions = (
				en,
				Base,
			);
			mainGroup = F1240A372AEA1E9600FE3C3E;
			packageReferences = (
				F1240A682AEA22AE00FE3C3E /* XCRemoteSwiftPackageReference "SnapKit" */,
				F1240A6D2AEA265B00FE3C3E /* XCRemoteSwiftPackageReference "firebase-ios-sdk" */,
			);
			productRefGroup = F1240A412AEA1E9600FE3C3E /* Products */;
			projectDirPath = "";
			projectRoot = "";
			targets = (
				F1240A3F2AEA1E9600FE3C3E /* Tigers Memory */,
			);
		};
/* End PBXProject section */

/* Begin PBXResourcesBuildPhase section */
		F1240A3E2AEA1E9600FE3C3E /* Resources */ = {
			isa = PBXResourcesBuildPhase;
			buildActionMask = 2147483647;
			files = (
				F1240A5E2AEA216100FE3C3E /* Colors.xcassets in Resources */,
				F1240A672AEA222900FE3C3E /* chowfun.ttf in Resources */,
				F1240A7A2AEA26C600FE3C3E /* GoogleService-Info.plist in Resources */,
				F1240A502AEA1E9800FE3C3E /* LaunchScreen.storyboard in Resources */,
				F1240A4D2AEA1E9800FE3C3E /* Assets.xcassets in Resources */,
			);
			runOnlyForDeploymentPostprocessing = 0;
		};
/* End PBXResourcesBuildPhase section */

/* Begin PBXSourcesBuildPhase section */
		F1240A3C2AEA1E9600FE3C3E /* Sources */ = {
			isa = PBXSourcesBuildPhase;
			buildActionMask = 2147483647;
			files = (
				F1240AC42AEA4E7000FE3C3E /* RulesViewController.swift in Sources */,
				F1240AD02AEA8BFC00FE3C3E /* RewardsViewController.swift in Sources */,
				F1240AD32AEA8E2E00FE3C3E /* WheelViewController.swift in Sources */,
				F1240ACD2AEA8BB600FE3C3E /* WinViewController.swift in Sources */,
				F1240A482AEA1E9600FE3C3E /* SplashViewController.swift in Sources */,
				F1240ADA2AEA909F00FE3C3E /* SectionType.swift in Sources */,
				F1240AC72AEA50E100FE3C3E /* ShopViewController.swift in Sources */,
				F1240AD82AEA909100FE3C3E /* LevelsCollectionViewCell.swift in Sources */,
				F1240ADD2AEA939400FE3C3E /* GameViewController.swift in Sources */,
				F1240ACA2AEA61D700FE3C3E /* ProgressViewController.swift in Sources */,
				F1240A622AEA21BC00FE3C3E /* AppColor.swift in Sources */,
				F1240A442AEA1E9600FE3C3E /* AppDelegate.swift in Sources */,
				F1240A7C2AEA26D900FE3C3E /* AppStorage.swift in Sources */,
				F1240A7E2AEA26E500FE3C3E /* ExternalService.swift in Sources */,
				F1240A462AEA1E9600FE3C3E /* SceneDelegate.swift in Sources */,
				F1240AC12AEA4AB100FE3C3E /* MainViewController.swift in Sources */,
				F1240A642AEA21CF00FE3C3E /* AppImage.swift in Sources */,
				F1240A782AEA269900FE3C3E /* LoadingViewController.swift in Sources */,
				F1240AD62AEA907F00FE3C3E /* LevelsViewController.swift in Sources */,
			);
			runOnlyForDeploymentPostprocessing = 0;
		};
/* End PBXSourcesBuildPhase section */

/* Begin PBXVariantGroup section */
		F1240A4E2AEA1E9800FE3C3E /* LaunchScreen.storyboard */ = {
			isa = PBXVariantGroup;
			children = (
				F1240A4F2AEA1E9800FE3C3E /* Base */,
			);
			name = LaunchScreen.storyboard;
			sourceTree = "<group>";
		};
/* End PBXVariantGroup section */

/* Begin XCBuildConfiguration section */
		F1240A522AEA1E9800FE3C3E /* Debug */ = {
			isa = XCBuildConfiguration;
			buildSettings = {
				ALWAYS_SEARCH_USER_PATHS = NO;
				ASSETCATALOG_COMPILER_GENERATE_SWIFT_ASSET_SYMBOL_EXTENSIONS = YES;
				CLANG_ANALYZER_NONNULL = YES;
				CLANG_ANALYZER_NUMBER_OBJECT_CONVERSION = YES_AGGRESSIVE;
				CLANG_CXX_LANGUAGE_STANDARD = "gnu++20";
				CLANG_ENABLE_MODULES = YES;
				CLANG_ENABLE_OBJC_ARC = YES;
				CLANG_ENABLE_OBJC_WEAK = YES;
				CLANG_WARN_BLOCK_CAPTURE_AUTORELEASING = YES;
				CLANG_WARN_BOOL_CONVERSION = YES;
				CLANG_WARN_COMMA = YES;
				CLANG_WARN_CONSTANT_CONVERSION = YES;
				CLANG_WARN_DEPRECATED_OBJC_IMPLEMENTATIONS = YES;
				CLANG_WARN_DIRECT_OBJC_ISA_USAGE = YES_ERROR;
				CLANG_WARN_DOCUMENTATION_COMMENTS = YES;
				CLANG_WARN_EMPTY_BODY = YES;
				CLANG_WARN_ENUM_CONVERSION = YES;
				CLANG_WARN_INFINITE_RECURSION = YES;
				CLANG_WARN_INT_CONVERSION = YES;
				CLANG_WARN_NON_LITERAL_NULL_CONVERSION = YES;
				CLANG_WARN_OBJC_IMPLICIT_RETAIN_SELF = YES;
				CLANG_WARN_OBJC_LITERAL_CONVERSION = YES;
				CLANG_WARN_OBJC_ROOT_CLASS = YES_ERROR;
				CLANG_WARN_QUOTED_INCLUDE_IN_FRAMEWORK_HEADER = YES;
				CLANG_WARN_RANGE_LOOP_ANALYSIS = YES;
				CLANG_WARN_STRICT_PROTOTYPES = YES;
				CLANG_WARN_SUSPICIOUS_MOVE = YES;
				CLANG_WARN_UNGUARDED_AVAILABILITY = YES_AGGRESSIVE;
				CLANG_WARN_UNREACHABLE_CODE = YES;
				CLANG_WARN__DUPLICATE_METHOD_MATCH = YES;
				COPY_PHASE_STRIP = NO;
				DEBUG_INFORMATION_FORMAT = dwarf;
				ENABLE_STRICT_OBJC_MSGSEND = YES;
				ENABLE_TESTABILITY = YES;
				ENABLE_USER_SCRIPT_SANDBOXING = YES;
				GCC_C_LANGUAGE_STANDARD = gnu17;
				GCC_DYNAMIC_NO_PIC = NO;
				GCC_NO_COMMON_BLOCKS = YES;
				GCC_OPTIMIZATION_LEVEL = 0;
				GCC_PREPROCESSOR_DEFINITIONS = (
					"DEBUG=1",
					"$(inherited)",
				);
				GCC_WARN_64_TO_32_BIT_CONVERSION = YES;
				GCC_WARN_ABOUT_RETURN_TYPE = YES_ERROR;
				GCC_WARN_UNDECLARED_SELECTOR = YES;
				GCC_WARN_UNINITIALIZED_AUTOS = YES_AGGRESSIVE;
				GCC_WARN_UNUSED_FUNCTION = YES;
				GCC_WARN_UNUSED_VARIABLE = YES;
				IPHONEOS_DEPLOYMENT_TARGET = 17.0;
				LOCALIZATION_PREFERS_STRING_CATALOGS = YES;
				MTL_ENABLE_DEBUG_INFO = INCLUDE_SOURCE;
				MTL_FAST_MATH = YES;
				ONLY_ACTIVE_ARCH = YES;
				SDKROOT = iphoneos;
				SWIFT_ACTIVE_COMPILATION_CONDITIONS = "DEBUG $(inherited)";
				SWIFT_OPTIMIZATION_LEVEL = "-Onone";
			};
			name = Debug;
		};
		F1240A532AEA1E9800FE3C3E /* Release */ = {
			isa = XCBuildConfiguration;
			buildSettings = {
				ALWAYS_SEARCH_USER_PATHS = NO;
				ASSETCATALOG_COMPILER_GENERATE_SWIFT_ASSET_SYMBOL_EXTENSIONS = YES;
				CLANG_ANALYZER_NONNULL = YES;
				CLANG_ANALYZER_NUMBER_OBJECT_CONVERSION = YES_AGGRESSIVE;
				CLANG_CXX_LANGUAGE_STANDARD = "gnu++20";
				CLANG_ENABLE_MODULES = YES;
				CLANG_ENABLE_OBJC_ARC = YES;
				CLANG_ENABLE_OBJC_WEAK = YES;
				CLANG_WARN_BLOCK_CAPTURE_AUTORELEASING = YES;
				CLANG_WARN_BOOL_CONVERSION = YES;
				CLANG_WARN_COMMA = YES;
				CLANG_WARN_CONSTANT_CONVERSION = YES;
				CLANG_WARN_DEPRECATED_OBJC_IMPLEMENTATIONS = YES;
				CLANG_WARN_DIRECT_OBJC_ISA_USAGE = YES_ERROR;
				CLANG_WARN_DOCUMENTATION_COMMENTS = YES;
				CLANG_WARN_EMPTY_BODY = YES;
				CLANG_WARN_ENUM_CONVERSION = YES;
				CLANG_WARN_INFINITE_RECURSION = YES;
				CLANG_WARN_INT_CONVERSION = YES;
				CLANG_WARN_NON_LITERAL_NULL_CONVERSION = YES;
				CLANG_WARN_OBJC_IMPLICIT_RETAIN_SELF = YES;
				CLANG_WARN_OBJC_LITERAL_CONVERSION = YES;
				CLANG_WARN_OBJC_ROOT_CLASS = YES_ERROR;
				CLANG_WARN_QUOTED_INCLUDE_IN_FRAMEWORK_HEADER = YES;
				CLANG_WARN_RANGE_LOOP_ANALYSIS = YES;
				CLANG_WARN_STRICT_PROTOTYPES = YES;
				CLANG_WARN_SUSPICIOUS_MOVE = YES;
				CLANG_WARN_UNGUARDED_AVAILABILITY = YES_AGGRESSIVE;
				CLANG_WARN_UNREACHABLE_CODE = YES;
				CLANG_WARN__DUPLICATE_METHOD_MATCH = YES;
				COPY_PHASE_STRIP = NO;
				DEBUG_INFORMATION_FORMAT = "dwarf-with-dsym";
				ENABLE_NS_ASSERTIONS = NO;
				ENABLE_STRICT_OBJC_MSGSEND = YES;
				ENABLE_USER_SCRIPT_SANDBOXING = YES;
				GCC_C_LANGUAGE_STANDARD = gnu17;
				GCC_NO_COMMON_BLOCKS = YES;
				GCC_WARN_64_TO_32_BIT_CONVERSION = YES;
				GCC_WARN_ABOUT_RETURN_TYPE = YES_ERROR;
				GCC_WARN_UNDECLARED_SELECTOR = YES;
				GCC_WARN_UNINITIALIZED_AUTOS = YES_AGGRESSIVE;
				GCC_WARN_UNUSED_FUNCTION = YES;
				GCC_WARN_UNUSED_VARIABLE = YES;
				IPHONEOS_DEPLOYMENT_TARGET = 17.0;
				LOCALIZATION_PREFERS_STRING_CATALOGS = YES;
				MTL_ENABLE_DEBUG_INFO = NO;
				MTL_FAST_MATH = YES;
				SDKROOT = iphoneos;
				SWIFT_COMPILATION_MODE = wholemodule;
				VALIDATE_PRODUCT = YES;
			};
			name = Release;
		};
		F1240A552AEA1E9800FE3C3E /* Debug */ = {
			isa = XCBuildConfiguration;
			buildSettings = {
				ASSETCATALOG_COMPILER_APPICON_NAME = AppIcon;
				ASSETCATALOG_COMPILER_GLOBAL_ACCENT_COLOR_NAME = AccentColor;
				CODE_SIGN_STYLE = Automatic;
				CURRENT_PROJECT_VERSION = 1;
				DEVELOPMENT_TEAM = 66V736J4F3;
				GENERATE_INFOPLIST_FILE = YES;
				INFOPLIST_FILE = "Tigers Memory/Supporting Files/Info.plist";
				INFOPLIST_KEY_UIApplicationSupportsIndirectInputEvents = YES;
				INFOPLIST_KEY_UILaunchStoryboardName = LaunchScreen;
				INFOPLIST_KEY_UISupportedInterfaceOrientations_iPad = "UIInterfaceOrientationPortrait UIInterfaceOrientationPortraitUpsideDown UIInterfaceOrientationLandscapeLeft UIInterfaceOrientationLandscapeRight";
				INFOPLIST_KEY_UISupportedInterfaceOrientations_iPhone = "UIInterfaceOrientationPortrait UIInterfaceOrientationLandscapeLeft UIInterfaceOrientationLandscapeRight";
				LD_RUNPATH_SEARCH_PATHS = (
					"$(inherited)",
					"@executable_path/Frameworks",
				);
				MARKETING_VERSION = 1.0;
				PRODUCT_BUNDLE_IDENTIFIER = "com.example.Tigers-Memory";
				PRODUCT_NAME = "$(TARGET_NAME)";
				SWIFT_EMIT_LOC_STRINGS = YES;
				SWIFT_VERSION = 5.0;
				TARGETED_DEVICE_FAMILY = "1,2";
			};
			name = Debug;
		};
		F1240A562AEA1E9800FE3C3E /* Release */ = {
			isa = XCBuildConfiguration;
			buildSettings = {
				ASSETCATALOG_COMPILER_APPICON_NAME = AppIcon;
				ASSETCATALOG_COMPILER_GLOBAL_ACCENT_COLOR_NAME = AccentColor;
				CODE_SIGN_STYLE = Automatic;
				CURRENT_PROJECT_VERSION = 1;
				DEVELOPMENT_TEAM = 66V736J4F3;
				GENERATE_INFOPLIST_FILE = YES;
				INFOPLIST_FILE = "Tigers Memory/Supporting Files/Info.plist";
				INFOPLIST_KEY_UIApplicationSupportsIndirectInputEvents = YES;
				INFOPLIST_KEY_UILaunchStoryboardName = LaunchScreen;
				INFOPLIST_KEY_UISupportedInterfaceOrientations_iPad = "UIInterfaceOrientationPortrait UIInterfaceOrientationPortraitUpsideDown UIInterfaceOrientationLandscapeLeft UIInterfaceOrientationLandscapeRight";
				INFOPLIST_KEY_UISupportedInterfaceOrientations_iPhone = "UIInterfaceOrientationPortrait UIInterfaceOrientationLandscapeLeft UIInterfaceOrientationLandscapeRight";
				LD_RUNPATH_SEARCH_PATHS = (
					"$(inherited)",
					"@executable_path/Frameworks",
				);
				MARKETING_VERSION = 1.0;
				PRODUCT_BUNDLE_IDENTIFIER = "com.example.Tigers-Memory";
				PRODUCT_NAME = "$(TARGET_NAME)";
				SWIFT_EMIT_LOC_STRINGS = YES;
				SWIFT_VERSION = 5.0;
				TARGETED_DEVICE_FAMILY = "1,2";
			};
			name = Release;
		};
/* End XCBuildConfiguration section */

/* Begin XCConfigurationList section */
		F1240A3B2AEA1E9600FE3C3E /* Build configuration list for PBXProject "Tigers Memory" */ = {
			isa = XCConfigurationList;
			buildConfigurations = (
				F1240A522AEA1E9800FE3C3E /* Debug */,
				F1240A532AEA1E9800FE3C3E /* Release */,
			);
			defaultConfigurationIsVisible = 0;
			defaultConfigurationName = Release;
		};
		F1240A542AEA1E9800FE3C3E /* Build configuration list for PBXNativeTarget "Tigers Memory" */ = {
			isa = XCConfigurationList;
			buildConfigurations = (
				F1240A552AEA1E9800FE3C3E /* Debug */,
				F1240A562AEA1E9800FE3C3E /* Release */,
			);
			defaultConfigurationIsVisible = 0;
			defaultConfigurationName = Release;
		};
/* End XCConfigurationList section */

/* Begin XCRemoteSwiftPackageReference section */
		F1240A682AEA22AE00FE3C3E /* XCRemoteSwiftPackageReference "SnapKit" */ = {
			isa = XCRemoteSwiftPackageReference;
			repositoryURL = "https://github.com/SnapKit/SnapKit.git";
			requirement = {
				kind = upToNextMajorVersion;
				minimumVersion = 5.6.0;
			};
		};
		F1240A6D2AEA265B00FE3C3E /* XCRemoteSwiftPackageReference "firebase-ios-sdk" */ = {
			isa = XCRemoteSwiftPackageReference;
			repositoryURL = "https://github.com/firebase/firebase-ios-sdk.git";
			requirement = {
				kind = upToNextMajorVersion;
				minimumVersion = 10.16.0;
			};
		};
/* End XCRemoteSwiftPackageReference section */

/* Begin XCSwiftPackageProductDependency section */
		F1240A692AEA22AE00FE3C3E /* SnapKit */ = {
			isa = XCSwiftPackageProductDependency;
			package = F1240A682AEA22AE00FE3C3E /* XCRemoteSwiftPackageReference "SnapKit" */;
			productName = SnapKit;
		};
		F1240A6B2AEA22AE00FE3C3E /* SnapKit-Dynamic */ = {
			isa = XCSwiftPackageProductDependency;
			package = F1240A682AEA22AE00FE3C3E /* XCRemoteSwiftPackageReference "SnapKit" */;
			productName = "SnapKit-Dynamic";
		};
		F1240A6E2AEA265B00FE3C3E /* FirebaseAnalytics */ = {
			isa = XCSwiftPackageProductDependency;
			package = F1240A6D2AEA265B00FE3C3E /* XCRemoteSwiftPackageReference "firebase-ios-sdk" */;
			productName = FirebaseAnalytics;
		};
		F1240A702AEA265B00FE3C3E /* FirebaseAnalyticsOnDeviceConversion */ = {
			isa = XCSwiftPackageProductDependency;
			package = F1240A6D2AEA265B00FE3C3E /* XCRemoteSwiftPackageReference "firebase-ios-sdk" */;
			productName = FirebaseAnalyticsOnDeviceConversion;
		};
		F1240A722AEA265B00FE3C3E /* FirebaseAnalyticsSwift */ = {
			isa = XCSwiftPackageProductDependency;
			package = F1240A6D2AEA265B00FE3C3E /* XCRemoteSwiftPackageReference "firebase-ios-sdk" */;
			productName = FirebaseAnalyticsSwift;
		};
		F1240A742AEA265B00FE3C3E /* FirebaseAnalyticsWithoutAdIdSupport */ = {
			isa = XCSwiftPackageProductDependency;
			package = F1240A6D2AEA265B00FE3C3E /* XCRemoteSwiftPackageReference "firebase-ios-sdk" */;
			productName = FirebaseAnalyticsWithoutAdIdSupport;
		};
		F1240A7F2AEA272F00FE3C3E /* FirebaseAnalytics */ = {
			isa = XCSwiftPackageProductDependency;
			package = F1240A6D2AEA265B00FE3C3E /* XCRemoteSwiftPackageReference "firebase-ios-sdk" */;
			productName = FirebaseAnalytics;
		};
		F1240A812AEA272F00FE3C3E /* FirebaseAnalyticsOnDeviceConversion */ = {
			isa = XCSwiftPackageProductDependency;
			package = F1240A6D2AEA265B00FE3C3E /* XCRemoteSwiftPackageReference "firebase-ios-sdk" */;
			productName = FirebaseAnalyticsOnDeviceConversion;
		};
		F1240A832AEA272F00FE3C3E /* FirebaseAnalyticsSwift */ = {
			isa = XCSwiftPackageProductDependency;
			package = F1240A6D2AEA265B00FE3C3E /* XCRemoteSwiftPackageReference "firebase-ios-sdk" */;
			productName = FirebaseAnalyticsSwift;
		};
		F1240A852AEA272F00FE3C3E /* FirebaseAnalyticsWithoutAdIdSupport */ = {
			isa = XCSwiftPackageProductDependency;
			package = F1240A6D2AEA265B00FE3C3E /* XCRemoteSwiftPackageReference "firebase-ios-sdk" */;
			productName = FirebaseAnalyticsWithoutAdIdSupport;
		};
		F1240A872AEA272F00FE3C3E /* FirebaseAppCheck */ = {
			isa = XCSwiftPackageProductDependency;
			package = F1240A6D2AEA265B00FE3C3E /* XCRemoteSwiftPackageReference "firebase-ios-sdk" */;
			productName = FirebaseAppCheck;
		};
		F1240A892AEA3C0100FE3C3E /* FirebaseAnalytics */ = {
			isa = XCSwiftPackageProductDependency;
			package = F1240A6D2AEA265B00FE3C3E /* XCRemoteSwiftPackageReference "firebase-ios-sdk" */;
			productName = FirebaseAnalytics;
		};
		F1240A8B2AEA3C0100FE3C3E /* FirebaseAnalyticsOnDeviceConversion */ = {
			isa = XCSwiftPackageProductDependency;
			package = F1240A6D2AEA265B00FE3C3E /* XCRemoteSwiftPackageReference "firebase-ios-sdk" */;
			productName = FirebaseAnalyticsOnDeviceConversion;
		};
		F1240A8D2AEA3C0100FE3C3E /* FirebaseAnalyticsSwift */ = {
			isa = XCSwiftPackageProductDependency;
			package = F1240A6D2AEA265B00FE3C3E /* XCRemoteSwiftPackageReference "firebase-ios-sdk" */;
			productName = FirebaseAnalyticsSwift;
		};
		F1240A8F2AEA3C0100FE3C3E /* FirebaseAnalyticsWithoutAdIdSupport */ = {
			isa = XCSwiftPackageProductDependency;
			package = F1240A6D2AEA265B00FE3C3E /* XCRemoteSwiftPackageReference "firebase-ios-sdk" */;
			productName = FirebaseAnalyticsWithoutAdIdSupport;
		};
		F1240A912AEA3C0100FE3C3E /* FirebaseAppCheck */ = {
			isa = XCSwiftPackageProductDependency;
			package = F1240A6D2AEA265B00FE3C3E /* XCRemoteSwiftPackageReference "firebase-ios-sdk" */;
			productName = FirebaseAppCheck;
		};
		F1240A932AEA3C0100FE3C3E /* FirebaseAppDistribution-Beta */ = {
			isa = XCSwiftPackageProductDependency;
			package = F1240A6D2AEA265B00FE3C3E /* XCRemoteSwiftPackageReference "firebase-ios-sdk" */;
			productName = "FirebaseAppDistribution-Beta";
		};
		F1240A952AEA3C0100FE3C3E /* FirebaseAuth */ = {
			isa = XCSwiftPackageProductDependency;
			package = F1240A6D2AEA265B00FE3C3E /* XCRemoteSwiftPackageReference "firebase-ios-sdk" */;
			productName = FirebaseAuth;
		};
		F1240A972AEA3C0100FE3C3E /* FirebaseAuthCombine-Community */ = {
			isa = XCSwiftPackageProductDependency;
			package = F1240A6D2AEA265B00FE3C3E /* XCRemoteSwiftPackageReference "firebase-ios-sdk" */;
			productName = "FirebaseAuthCombine-Community";
		};
		F1240A992AEA3C0100FE3C3E /* FirebaseCrashlytics */ = {
			isa = XCSwiftPackageProductDependency;
			package = F1240A6D2AEA265B00FE3C3E /* XCRemoteSwiftPackageReference "firebase-ios-sdk" */;
			productName = FirebaseCrashlytics;
		};
		F1240A9B2AEA3C0100FE3C3E /* FirebaseDatabase */ = {
			isa = XCSwiftPackageProductDependency;
			package = F1240A6D2AEA265B00FE3C3E /* XCRemoteSwiftPackageReference "firebase-ios-sdk" */;
			productName = FirebaseDatabase;
		};
		F1240A9D2AEA3C0100FE3C3E /* FirebaseDatabaseSwift */ = {
			isa = XCSwiftPackageProductDependency;
			package = F1240A6D2AEA265B00FE3C3E /* XCRemoteSwiftPackageReference "firebase-ios-sdk" */;
			productName = FirebaseDatabaseSwift;
		};
		F1240A9F2AEA3C0100FE3C3E /* FirebaseDynamicLinks */ = {
			isa = XCSwiftPackageProductDependency;
			package = F1240A6D2AEA265B00FE3C3E /* XCRemoteSwiftPackageReference "firebase-ios-sdk" */;
			productName = FirebaseDynamicLinks;
		};
		F1240AA12AEA3C0100FE3C3E /* FirebaseFirestore */ = {
			isa = XCSwiftPackageProductDependency;
			package = F1240A6D2AEA265B00FE3C3E /* XCRemoteSwiftPackageReference "firebase-ios-sdk" */;
			productName = FirebaseFirestore;
		};
		F1240AA32AEA3C0100FE3C3E /* FirebaseFirestoreCombine-Community */ = {
			isa = XCSwiftPackageProductDependency;
			package = F1240A6D2AEA265B00FE3C3E /* XCRemoteSwiftPackageReference "firebase-ios-sdk" */;
			productName = "FirebaseFirestoreCombine-Community";
		};
		F1240AA52AEA3C0100FE3C3E /* FirebaseFirestoreSwift */ = {
			isa = XCSwiftPackageProductDependency;
			package = F1240A6D2AEA265B00FE3C3E /* XCRemoteSwiftPackageReference "firebase-ios-sdk" */;
			productName = FirebaseFirestoreSwift;
		};
		F1240AA72AEA3C0100FE3C3E /* FirebaseFunctions */ = {
			isa = XCSwiftPackageProductDependency;
			package = F1240A6D2AEA265B00FE3C3E /* XCRemoteSwiftPackageReference "firebase-ios-sdk" */;
			productName = FirebaseFunctions;
		};
		F1240AA92AEA3C0100FE3C3E /* FirebaseFunctionsCombine-Community */ = {
			isa = XCSwiftPackageProductDependency;
			package = F1240A6D2AEA265B00FE3C3E /* XCRemoteSwiftPackageReference "firebase-ios-sdk" */;
			productName = "FirebaseFunctionsCombine-Community";
		};
		F1240AAB2AEA3C0100FE3C3E /* FirebaseInAppMessaging-Beta */ = {
			isa = XCSwiftPackageProductDependency;
			package = F1240A6D2AEA265B00FE3C3E /* XCRemoteSwiftPackageReference "firebase-ios-sdk" */;
			productName = "FirebaseInAppMessaging-Beta";
		};
		F1240AAD2AEA3C0100FE3C3E /* FirebaseInAppMessagingSwift-Beta */ = {
			isa = XCSwiftPackageProductDependency;
			package = F1240A6D2AEA265B00FE3C3E /* XCRemoteSwiftPackageReference "firebase-ios-sdk" */;
			productName = "FirebaseInAppMessagingSwift-Beta";
		};
		F1240AAF2AEA3C0100FE3C3E /* FirebaseInstallations */ = {
			isa = XCSwiftPackageProductDependency;
			package = F1240A6D2AEA265B00FE3C3E /* XCRemoteSwiftPackageReference "firebase-ios-sdk" */;
			productName = FirebaseInstallations;
		};
		F1240AB12AEA3C0100FE3C3E /* FirebaseMLModelDownloader */ = {
			isa = XCSwiftPackageProductDependency;
			package = F1240A6D2AEA265B00FE3C3E /* XCRemoteSwiftPackageReference "firebase-ios-sdk" */;
			productName = FirebaseMLModelDownloader;
		};
		F1240AB32AEA3C0100FE3C3E /* FirebaseMessaging */ = {
			isa = XCSwiftPackageProductDependency;
			package = F1240A6D2AEA265B00FE3C3E /* XCRemoteSwiftPackageReference "firebase-ios-sdk" */;
			productName = FirebaseMessaging;
		};
		F1240AB52AEA3C0100FE3C3E /* FirebasePerformance */ = {
			isa = XCSwiftPackageProductDependency;
			package = F1240A6D2AEA265B00FE3C3E /* XCRemoteSwiftPackageReference "firebase-ios-sdk" */;
			productName = FirebasePerformance;
		};
		F1240AB72AEA3C0100FE3C3E /* FirebaseRemoteConfig */ = {
			isa = XCSwiftPackageProductDependency;
			package = F1240A6D2AEA265B00FE3C3E /* XCRemoteSwiftPackageReference "firebase-ios-sdk" */;
			productName = FirebaseRemoteConfig;
		};
		F1240AB92AEA3C0100FE3C3E /* FirebaseRemoteConfigSwift */ = {
			isa = XCSwiftPackageProductDependency;
			package = F1240A6D2AEA265B00FE3C3E /* XCRemoteSwiftPackageReference "firebase-ios-sdk" */;
			productName = FirebaseRemoteConfigSwift;
		};
		F1240ABB2AEA3C0100FE3C3E /* FirebaseStorage */ = {
			isa = XCSwiftPackageProductDependency;
			package = F1240A6D2AEA265B00FE3C3E /* XCRemoteSwiftPackageReference "firebase-ios-sdk" */;
			productName = FirebaseStorage;
		};
		F1240ABD2AEA3C0100FE3C3E /* FirebaseStorageCombine-Community */ = {
			isa = XCSwiftPackageProductDependency;
			package = F1240A6D2AEA265B00FE3C3E /* XCRemoteSwiftPackageReference "firebase-ios-sdk" */;
			productName = "FirebaseStorageCombine-Community";
		};
/* End XCSwiftPackageProductDependency section */
	};
	rootObject = F1240A382AEA1E9600FE3C3E /* Project object */;
}
